NeoBundleLock neobundle.vim 0c31437b58831efa20a9623e78be25a90df8c8c8
NeoBundleLock neocomplete.vim 1370262189a4a70a91b09a528df9b734135cd7e6
NeoBundleLock nerdtree 3b98a7fcae8f9fff356907171f0406ff8cd28921
NeoBundleLock tcomment_vim c3d82bfabdc028cc7ebbe451641eb845e9a0d582
NeoBundleLock vim-endwise bba43b831ae0485cf9b86d16340a6a314b927391
NeoBundleLock vim-fugitive 0095769029709b531d2505ee6ad9907dd9bd72a0
NeoBundleLock vim-indent-guides eec1b629dc4cfa3986d20f21d4b4489732cd3f5a
